// !$*UTF8*$!
{
	archiveVersion = 1;
	classes = {
	};
	objectVersion = 46;
	objects = {

/* Begin PBXBuildFile section */
		C5AF67AD1C3AA45B007B5C6A /* main.m in Sources */ = {isa = PBXBuildFile; fileRef = C5AF67AC1C3AA45B007B5C6A /* main.m */; };
		C5AF67B01C3AA45B007B5C6A /* AppDelegate.m in Sources */ = {isa = PBXBuildFile; fileRef = C5AF67AF1C3AA45B007B5C6A /* AppDelegate.m */; };
		C5AF67B31C3AA45B007B5C6A /* ViewController.m in Sources */ = {isa = PBXBuildFile; fileRef = C5AF67B21C3AA45B007B5C6A /* ViewController.m */; };
		C5AF67B61C3AA45C007B5C6A /* Main.storyboard in Resources */ = {isa = PBXBuildFile; fileRef = C5AF67B41C3AA45C007B5C6A /* Main.storyboard */; };
		C5AF67B81C3AA45C007B5C6A /* Assets.xcassets in Resources */ = {isa = PBXBuildFile; fileRef = C5AF67B71C3AA45C007B5C6A /* Assets.xcassets */; };
		C5AF67BB1C3AA45C007B5C6A /* LaunchScreen.storyboard in Resources */ = {isa = PBXBuildFile; fileRef = C5AF67B91C3AA45C007B5C6A /* LaunchScreen.storyboard */; };
		C5AF67C61C3AA45C007B5C6A /* FEDeviceTests.m in Sources */ = {isa = PBXBuildFile; fileRef = C5AF67C51C3AA45C007B5C6A /* FEDeviceTests.m */; };
		C5AF67D11C3AA45C007B5C6A /* FEDeviceUITests.m in Sources */ = {isa = PBXBuildFile; fileRef = C5AF67D01C3AA45C007B5C6A /* FEDeviceUITests.m */; };
/* End PBXBuildFile section */

/* Begin PBXContainerItemProxy section */
		C5AF67C21C3AA45C007B5C6A /* PBXContainerItemProxy */ = {
			isa = PBXContainerItemProxy;
			containerPortal = C5AF67A01C3AA45B007B5C6A /* Project object */;
			proxyType = 1;
			remoteGlobalIDString = C5AF67A71C3AA45B007B5C6A;
			remoteInfo = FEDevice;
		};
		C5AF67CD1C3AA45C007B5C6A /* PBXContainerItemProxy */ = {
			isa = PBXContainerItemProxy;
			containerPortal = C5AF67A01C3AA45B007B5C6A /* Project object */;
			proxyType = 1;
			remoteGlobalIDString = C5AF67A71C3AA45B007B5C6A;
			remoteInfo = FEDevice;
		};
/* End PBXContainerItemProxy section */

/* Begin PBXFileReference section */
		C5AF67A81C3AA45B007B5C6A /* FEDevice.app */ = {isa = PBXFileReference; explicitFileType = wrapper.application; includeInIndex = 0; path = FEDevice.app; sourceTree = BUILT_PRODUCTS_DIR; };
		C5AF67AC1C3AA45B007B5C6A /* main.m */ = {isa = PBXFileReference; lastKnownFileType = sourcecode.c.objc; path = main.m; sourceTree = "<group>"; };
		C5AF67AE1C3AA45B007B5C6A /* AppDelegate.h */ = {isa = PBXFileReference; lastKnownFileType = sourcecode.c.h; path = AppDelegate.h; sourceTree = "<group>"; };
		C5AF67AF1C3AA45B007B5C6A /* AppDelegate.m */ = {isa = PBXFileReference; lastKnownFileType = sourcecode.c.objc; path = AppDelegate.m; sourceTree = "<group>"; };
		C5AF67B11C3AA45B007B5C6A /* ViewController.h */ = {isa = PBXFileReference; lastKnownFileType = sourcecode.c.h; path = ViewController.h; sourceTree = "<group>"; };
		C5AF67B21C3AA45B007B5C6A /* ViewController.m */ = {isa = PBXFileReference; lastKnownFileType = sourcecode.c.objc; path = ViewController.m; sourceTree = "<group>"; };
		C5AF67B51C3AA45C007B5C6A /* Base */ = {isa = PBXFileReference; lastKnownFileType = file.storyboard; name = Base; path = Base.lproj/Main.storyboard; sourceTree = "<group>"; };
		C5AF67B71C3AA45C007B5C6A /* Assets.xcassets */ = {isa = PBXFileReference; lastKnownFileType = folder.assetcatalog; path = Assets.xcassets; sourceTree = "<group>"; };
		C5AF67BA1C3AA45C007B5C6A /* Base */ = {isa = PBXFileReference; lastKnownFileType = file.storyboard; name = Base; path = Base.lproj/LaunchScreen.storyboard; sourceTree = "<group>"; };
		C5AF67BC1C3AA45C007B5C6A /* Info.plist */ = {isa = PBXFileReference; lastKnownFileType = text.plist.xml; path = Info.plist; sourceTree = "<group>"; };
		C5AF67C11C3AA45C007B5C6A /* FEDeviceTests.xctest */ = {isa = PBXFileReference; explicitFileType = wrapper.cfbundle; includeInIndex = 0; path = FEDeviceTests.xctest; sourceTree = BUILT_PRODUCTS_DIR; };
		C5AF67C51C3AA45C007B5C6A /* FEDeviceTests.m */ = {isa = PBXFileReference; lastKnownFileType = sourcecode.c.objc; path = FEDeviceTests.m; sourceTree = "<group>"; };
		C5AF67C71C3AA45C007B5C6A /* Info.plist */ = {isa = PBXFileReference; lastKnownFileType = text.plist.xml; path = Info.plist; sourceTree = "<group>"; };
		C5AF67CC1C3AA45C007B5C6A /* FEDeviceUITests.xctest */ = {isa = PBXFileReference; explicitFileType = wrapper.cfbundle; includeInIndex = 0; path = FEDeviceUITests.xctest; sourceTree = BUILT_PRODUCTS_DIR; };
		C5AF67D01C3AA45C007B5C6A /* FEDeviceUITests.m */ = {isa = PBXFileReference; lastKnownFileType = sourcecode.c.objc; path = FEDeviceUITests.m; sourceTree = "<group>"; };
		C5AF67D21C3AA45C007B5C6A /* Info.plist */ = {isa = PBXFileReference; lastKnownFileType = text.plist.xml; path = Info.plist; sourceTree = "<group>"; };
/* End PBXFileReference section */

/* Begin PBXFrameworksBuildPhase section */
		C5AF67A51C3AA45B007B5C6A /* Frameworks */ = {
			isa = PBXFrameworksBuildPhase;
			buildActionMask = 2147483647;
			files = (
			);
			runOnlyForDeploymentPostprocessing = 0;
		};
		C5AF67BE1C3AA45C007B5C6A /* Frameworks */ = {
			isa = PBXFrameworksBuildPhase;
			buildActionMask = 2147483647;
			files = (
			);
			runOnlyForDeploymentPostprocessing = 0;
		};
		C5AF67C91C3AA45C007B5C6A /* Frameworks */ = {
			isa = PBXFrameworksBuildPhase;
			buildActionMask = 2147483647;
			files = (
			);
			runOnlyForDeploymentPostprocessing = 0;
		};
/* End PBXFrameworksBuildPhase section */

/* Begin PBXGroup section */
		C5AF679F1C3AA45B007B5C6A = {
			isa = PBXGroup;
			children = (
				C5AF67AA1C3AA45B007B5C6A /* FEDevice */,
				C5AF67C41C3AA45C007B5C6A /* FEDeviceTests */,
				C5AF67CF1C3AA45C007B5C6A /* FEDeviceUITests */,
				C5AF67A91C3AA45B007B5C6A /* Products */,
			);
			sourceTree = "<group>";
		};
		C5AF67A91C3AA45B007B5C6A /* Products */ = {
			isa = PBXGroup;
			children = (
				C5AF67A81C3AA45B007B5C6A /* FEDevice.app */,
				C5AF67C11C3AA45C007B5C6A /* FEDeviceTests.xctest */,
				C5AF67CC1C3AA45C007B5C6A /* FEDeviceUITests.xctest */,
			);
			name = Products;
			sourceTree = "<group>";
		};
		C5AF67AA1C3AA45B007B5C6A /* FEDevice */ = {
			isa = PBXGroup;
			children = (
				C5AF67AE1C3AA45B007B5C6A /* AppDelegate.h */,
				C5AF67AF1C3AA45B007B5C6A /* AppDelegate.m */,
				C5AF67B11C3AA45B007B5C6A /* ViewController.h */,
				C5AF67B21C3AA45B007B5C6A /* ViewController.m */,
				C5AF67B41C3AA45C007B5C6A /* Main.storyboard */,
				C5AF67B71C3AA45C007B5C6A /* Assets.xcassets */,
				C5AF67B91C3AA45C007B5C6A /* LaunchScreen.storyboard */,
				C5AF67BC1C3AA45C007B5C6A /* Info.plist */,
				C5AF67AB1C3AA45B007B5C6A /* Supporting Files */,
			);
			path = FEDevice;
			sourceTree = "<group>";
		};
		C5AF67AB1C3AA45B007B5C6A /* Supporting Files */ = {
			isa = PBXGroup;
			children = (
				C5AF67AC1C3AA45B007B5C6A /* main.m */,
			);
			name = "Supporting Files";
			sourceTree = "<group>";
		};
		C5AF67C41C3AA45C007B5C6A /* FEDeviceTests */ = {
			isa = PBXGroup;
			children = (
				C5AF67C51C3AA45C007B5C6A /* FEDeviceTests.m */,
				C5AF67C71C3AA45C007B5C6A /* Info.plist */,
			);
			path = FEDeviceTests;
			sourceTree = "<group>";
		};
		C5AF67CF1C3AA45C007B5C6A /* FEDeviceUITests */ = {
			isa = PBXGroup;
			children = (
				C5AF67D01C3AA45C007B5C6A /* FEDeviceUITests.m */,
				C5AF67D21C3AA45C007B5C6A /* Info.plist */,
			);
			path = FEDeviceUITests;
			sourceTree = "<group>";
		};
/* End PBXGroup section */

/* Begin PBXNativeTarget section */
		C5AF67A71C3AA45B007B5C6A /* FEDevice */ = {
			isa = PBXNativeTarget;
			buildConfigurationList = C5AF67D51C3AA45C007B5C6A /* Build configuration list for PBXNativeTarget "FEDevice" */;
			buildPhases = (
				C5AF67A41C3AA45B007B5C6A /* Sources */,
				C5AF67A51C3AA45B007B5C6A /* Frameworks */,
				C5AF67A61C3AA45B007B5C6A /* Resources */,
			);
			buildRules = (
			);
			dependencies = (
			);
			name = FEDevice;
			productName = FEDevice;
			productReference = C5AF67A81C3AA45B007B5C6A /* FEDevice.app */;
			productType = "com.apple.product-type.application";
		};
		C5AF67C01C3AA45C007B5C6A /* FEDeviceTests */ = {
			isa = PBXNativeTarget;
			buildConfigurationList = C5AF67D81C3AA45C007B5C6A /* Build configuration list for PBXNativeTarget "FEDeviceTests" */;
			buildPhases = (
				C5AF67BD1C3AA45C007B5C6A /* Sources */,
				C5AF67BE1C3AA45C007B5C6A /* Frameworks */,
				C5AF67BF1C3AA45C007B5C6A /* Resources */,
			);
			buildRules = (
			);
			dependencies = (
				C5AF67C31C3AA45C007B5C6A /* PBXTargetDependency */,
			);
			name = FEDeviceTests;
			productName = FEDeviceTests;
			productReference = C5AF67C11C3AA45C007B5C6A /* FEDeviceTests.xctest */;
			productType = "com.apple.product-type.bundle.unit-test";
		};
		C5AF67CB1C3AA45C007B5C6A /* FEDeviceUITests */ = {
			isa = PBXNativeTarget;
			buildConfigurationList = C5AF67DB1C3AA45C007B5C6A /* Build configuration list for PBXNativeTarget "FEDeviceUITests" */;
			buildPhases = (
				C5AF67C81C3AA45C007B5C6A /* Sources */,
				C5AF67C91C3AA45C007B5C6A /* Frameworks */,
				C5AF67CA1C3AA45C007B5C6A /* Resources */,
			);
			buildRules = (
			);
			dependencies = (
				C5AF67CE1C3AA45C007B5C6A /* PBXTargetDependency */,
			);
			name = FEDeviceUITests;
			productName = FEDeviceUITests;
			productReference = C5AF67CC1C3AA45C007B5C6A /* FEDeviceUITests.xctest */;
			productType = "com.apple.product-type.bundle.ui-testing";
		};
/* End PBXNativeTarget section */

/* Begin PBXProject section */
		C5AF67A01C3AA45B007B5C6A /* Project object */ = {
			isa = PBXProject;
			attributes = {
				LastUpgradeCheck = 0720;
				ORGANIZATIONNAME = FlyElephant;
				TargetAttributes = {
					C5AF67A71C3AA45B007B5C6A = {
						CreatedOnToolsVersion = 7.2;
					};
					C5AF67C01C3AA45C007B5C6A = {
						CreatedOnToolsVersion = 7.2;
						TestTargetID = C5AF67A71C3AA45B007B5C6A;
					};
					C5AF67CB1C3AA45C007B5C6A = {
						CreatedOnToolsVersion = 7.2;
						TestTargetID = C5AF67A71C3AA45B007B5C6A;
					};
				};
			};
			buildConfigurationList = C5AF67A31C3AA45B007B5C6A /* Build configuration list for PBXProject "FEDevice" */;
			compatibilityVersion = "Xcode 3.2";
			developmentRegion = English;
			hasScannedForEncodings = 0;
			knownRegions = (
				en,
				Base,
			);
			mainGroup = C5AF679F1C3AA45B007B5C6A;
			productRefGroup = C5AF67A91C3AA45B007B5C6A /* Products */;
			projectDirPath = "";
			projectRoot = "";
			targets = (
				C5AF67A71C3AA45B007B5C6A /* FEDevice */,
				C5AF67C01C3AA45C007B5C6A /* FEDeviceTests */,
				C5AF67CB1C3AA45C007B5C6A /* FEDeviceUITests */,
			);
		};
/* End PBXProject section */

/* Begin PBXResourcesBuildPhase section */
		C5AF67A61C3AA45B007B5C6A /* Resources */ = {
			isa = PBXResourcesBuildPhase;
			buildActionMask = 2147483647;
			files = (
				C5AF67BB1C3AA45C007B5C6A /* LaunchScreen.storyboard in Resources */,
				C5AF67B81C3AA45C007B5C6A /* Assets.xcassets in Resources */,
				C5AF67B61C3AA45C007B5C6A /* Main.storyboard in Resources */,
			);
			runOnlyForDeploymentPostprocessing = 0;
		};
		C5AF67BF1C3AA45C007B5C6A /* Resources */ = {
			isa = PBXResourcesBuildPhase;
			buildActionMask = 2147483647;
			files = (
			);
			runOnlyForDeploymentPostprocessing = 0;
		};
		C5AF67CA1C3AA45C007B5C6A /* Resources */ = {
			isa = PBXResourcesBuildPhase;
			buildActionMask = 2147483647;
			files = (
			);
			runOnlyForDeploymentPostprocessing = 0;
		};
/* End PBXResourcesBuildPhase section */

/* Begin PBXSourcesBuildPhase section */
		C5AF67A41C3AA45B007B5C6A /* Sources */ = {
			isa = PBXSourcesBuildPhase;
			buildActionMask = 2147483647;
			files = (
				C5AF67B31C3AA45B007B5C6A /* ViewController.m in Sources */,
				C5AF67B01C3AA45B007B5C6A /* AppDelegate.m in Sources */,
				C5AF67AD1C3AA45B007B5C6A /* main.m in Sources */,
			);
			runOnlyForDeploymentPostprocessing = 0;
		};
		C5AF67BD1C3AA45C007B5C6A /* Sources */ = {
			isa = PBXSourcesBuildPhase;
			buildActionMask = 2147483647;
			files = (
				C5AF67C61C3AA45C007B5C6A /* FEDeviceTests.m in Sources */,
			);
			runOnlyForDeploymentPostprocessing = 0;
		};
		C5AF67C81C3AA45C007B5C6A /* Sources */ = {
			isa = PBXSourcesBuildPhase;
			buildActionMask = 2147483647;
			files = (
				C5AF67D11C3AA45C007B5C6A /* FEDeviceUITests.m in Sources */,
			);
			runOnlyForDeploymentPostprocessing = 0;
		};
/* End PBXSourcesBuildPhase section */

/* Begin PBXTargetDependency section */
		C5AF67C31C3AA45C007B5C6A /* PBXTargetDependency */ = {
			isa = PBXTargetDependency;
			target = C5AF67A71C3AA45B007B5C6A /* FEDevice */;
			targetProxy = C5AF67C21C3AA45C007B5C6A /* PBXContainerItemProxy */;
		};
		C5AF67CE1C3AA45C007B5C6A /* PBXTargetDependency */ = {
			isa = PBXTargetDependency;
			target = C5AF67A71C3AA45B007B5C6A /* FEDevice */;
			targetProxy = C5AF67CD1C3AA45C007B5C6A /* PBXContainerItemProxy */;
		};
/* End PBXTargetDependency section */

/* Begin PBXVariantGroup section */
		C5AF67B41C3AA45C007B5C6A /* Main.storyboard */ = {
			isa = PBXVariantGroup;
			children = (
				C5AF67B51C3AA45C007B5C6A /* Base */,
			);
			name = Main.storyboard;
			sourceTree = "<group>";
		};
		C5AF67B91C3AA45C007B5C6A /* LaunchScreen.storyboard */ = {
			isa = PBXVariantGroup;
			children = (
				C5AF67BA1C3AA45C007B5C6A /* Base */,
			);
			name = LaunchScreen.storyboard;
			sourceTree = "<group>";
		};
/* End PBXVariantGroup section */

/* Begin XCBuildConfiguration section */
		C5AF67D31C3AA45C007B5C6A /* Debug */ = {
			isa = XCBuildConfiguration;
			buildSettings = {
				ALWAYS_SEARCH_USER_PATHS = NO;
				CLANG_CXX_LANGUAGE_STANDARD = "gnu++0x";
				CLANG_CXX_LIBRARY = "libc++";
				CLANG_ENABLE_MODULES = YES;
				CLANG_ENABLE_OBJC_ARC = YES;
				CLANG_WARN_BOOL_CONVERSION = YES;
				CLANG_WARN_CONSTANT_CONVERSION = YES;
				CLANG_WARN_DIRECT_OBJC_ISA_USAGE = YES_ERROR;
				CLANG_WARN_EMPTY_BODY = YES;
				CLANG_WARN_ENUM_CONVERSION = YES;
				CLANG_WARN_INT_CONVERSION = YES;
				CLANG_WARN_OBJC_ROOT_CLASS = YES_ERROR;
				CLANG_WARN_UNREACHABLE_CODE = YES;
				CLANG_WARN__DUPLICATE_METHOD_MATCH = YES;
				"CODE_SIGN_IDENTITY[sdk=iphoneos*]" = "iPhone Developer";
				COPY_PHASE_STRIP = NO;
				DEBUG_INFORMATION_FORMAT = dwarf;
				ENABLE_STRICT_OBJC_MSGSEND = YES;
				ENABLE_TESTABILITY = YES;
				GCC_C_LANGUAGE_STANDARD = gnu99;
				GCC_DYNAMIC_NO_PIC = NO;
				GCC_NO_COMMON_BLOCKS = YES;
				GCC_OPTIMIZATION_LEVEL = 0;
				GCC_PREPROCESSOR_DEFINITIONS = (
					"DEBUG=1",
					"$(inherited)",
				);
				GCC_WARN_64_TO_32_BIT_CONVERSION = YES;
				GCC_WARN_ABOUT_RETURN_TYPE = YES_ERROR;
				GCC_WARN_UNDECLARED_SELECTOR = YES;
				GCC_WARN_UNINITIALIZED_AUTOS = YES_AGGRESSIVE;
				GCC_WARN_UNUSED_FUNCTION = YES;
				GCC_WARN_UNUSED_VARIABLE = YES;
				IPHONEOS_DEPLOYMENT_TARGET = 9.2;
				MTL_ENABLE_DEBUG_INFO = YES;
				ONLY_ACTIVE_ARCH = YES;
				SDKROOT = iphoneos;
			};
			name = Debug;
		};
		C5AF67D41C3AA45C007B5C6A /* Release */ = {
			isa = XCBuildConfiguration;
			buildSettings = {
				ALWAYS_SEARCH_USER_PATHS = NO;
				CLANG_CXX_LANGUAGE_STANDARD = "gnu++0x";
				CLANG_CXX_LIBRARY = "libc++";
				CLANG_ENABLE_MODULES = YES;
				CLANG_ENABLE_OBJC_ARC = YES;
				CLANG_WARN_BOOL_CONVERSION = YES;
				CLANG_WARN_CONSTANT_CONVERSION = YES;
				CLANG_WARN_DIRECT_OBJC_ISA_USAGE = YES_ERROR;
				CLANG_WARN_EMPTY_BODY = YES;
				CLANG_WARN_ENUM_CONVERSION = YES;
				CLANG_WARN_INT_CONVERSION = YES;
				CLANG_WARN_OBJC_ROOT_CLASS = YES_ERROR;
				CLANG_WARN_UNREACHABLE_CODE = YES;
				CLANG_WARN__DUPLICATE_METHOD_MATCH = YES;
				"CODE_SIGN_IDENTITY[sdk=iphoneos*]" = "iPhone Developer";
				COPY_PHASE_STRIP = NO;
				DEBUG_INFORMATION_FORMAT = "dwarf-with-dsym";
				ENABLE_NS_ASSERTIONS = NO;
				ENABLE_STRICT_OBJC_MSGSEND = YES;
				GCC_C_LANGUAGE_STANDARD = gnu99;
				GCC_NO_COMMON_BLOCKS = YES;
				GCC_WARN_64_TO_32_BIT_CONVERSION = YES;
				GCC_WARN_ABOUT_RETURN_TYPE = YES_ERROR;
				GCC_WARN_UNDECLARED_SELECTOR = YES;
				GCC_WARN_UNINITIALIZED_AUTOS = YES_AGGRESSIVE;
				GCC_WARN_UNUSED_FUNCTION = YES;
				GCC_WARN_UNUSED_VARIABLE = YES;
				IPHONEOS_DEPLOYMENT_TARGET = 9.2;
				MTL_ENABLE_DEBUG_INFO = NO;
				SDKROOT = iphoneos;
				VALIDATE_PRODUCT = YES;
			};
			name = Release;
		};
		C5AF67D61C3AA45C007B5C6A /* Debug */ = {
			isa = XCBuildConfiguration;
			buildSettings = {
				ASSETCATALOG_COMPILER_APPICON_NAME = AppIcon;
				INFOPLIST_FILE = FEDevice/Info.plist;
				LD_RUNPATH_SEARCH_PATHS = "$(inherited) @executable_path/Frameworks";
				PRODUCT_BUNDLE_IDENTIFIER = com.cnblogs.www.FEDevice;
				PRODUCT_NAME = "$(TARGET_NAME)";
			};
			name = Debug;
		};
		C5AF67D71C3AA45C007B5C6A /* Release */ = {
			isa = XCBuildConfiguration;
			buildSettings = {
				ASSETCATALOG_COMPILER_APPICON_NAME = AppIcon;
				INFOPLIST_FILE = FEDevice/Info.plist;
				LD_RUNPATH_SEARCH_PATHS = "$(inherited) @executable_path/Frameworks";
				PRODUCT_BUNDLE_IDENTIFIER = com.cnblogs.www.FEDevice;
				PRODUCT_NAME = "$(TARGET_NAME)";
			};
			name = Release;
		};
		C5AF67D91C3AA45C007B5C6A /* Debug */ = {
			isa = XCBuildConfiguration;
			buildSettings = {
				BUNDLE_LOADER = "$(TEST_HOST)";
				INFOPLIST_FILE = FEDeviceTests/Info.plist;
				LD_RUNPATH_SEARCH_PATHS = "$(inherited) @executable_path/Frameworks @loader_path/Frameworks";
				PRODUCT_BUNDLE_IDENTIFIER = com.cnblogs.www.FEDeviceTests;
				PRODUCT_NAME = "$(TARGET_NAME)";
				TEST_HOST = "$(BUILT_PRODUCTS_DIR)/FEDevice.app/FEDevice";
			};
			name = Debug;
		};
		C5AF67DA1C3AA45C007B5C6A /* Release */ = {
			isa = XCBuildConfiguration;
			buildSettings = {
				BUNDLE_LOADER = "$(TEST_HOST)";
				INFOPLIST_FILE = FEDeviceTests/Info.plist;
				LD_RUNPATH_SEARCH_PATHS = "$(inherited) @executable_path/Frameworks @loader_path/Frameworks";
				PRODUCT_BUNDLE_IDENTIFIER = com.cnblogs.www.FEDeviceTests;
				PRODUCT_NAME = "$(TARGET_NAME)";
				TEST_HOST = "$(BUILT_PRODUCTS_DIR)/FEDevice.app/FEDevice";
			};
			name = Release;
		};
		C5AF67DC1C3AA45C007B5C6A /* Debug */ = {
			isa = XCBuildConfiguration;
			buildSettings = {
				INFOPLIST_FILE = FEDeviceUITests/Info.plist;
				LD_RUNPATH_SEARCH_PATHS = "$(inherited) @executable_path/Frameworks @loader_path/Frameworks";
				PRODUCT_BUNDLE_IDENTIFIER = com.cnblogs.www.FEDeviceUITests;
				PRODUCT_NAME = "$(TARGET_NAME)";
				TEST_TARGET_NAME = FEDevice;
				USES_XCTRUNNER = YES;
			};
			name = Debug;
		};
		C5AF67DD1C3AA45C007B5C6A /* Release */ = {
			isa = XCBuildConfiguration;
			buildSettings = {
				INFOPLIST_FILE = FEDeviceUITests/Info.plist;
				LD_RUNPATH_SEARCH_PATHS = "$(inherited) @executable_path/Frameworks @loader_path/Frameworks";
				PRODUCT_BUNDLE_IDENTIFIER = com.cnblogs.www.FEDeviceUITests;
				PRODUCT_NAME = "$(TARGET_NAME)";
				TEST_TARGET_NAME = FEDevice;
				USES_XCTRUNNER = YES;
			};
			name = Release;
		};
/* End XCBuildConfiguration section */

/* Begin XCConfigurationList section */
		C5AF67A31C3AA45B007B5C6A /* Build configuration list for PBXProject "FEDevice" */ = {
			isa = XCConfigurationList;
			buildConfigurations = (
				C5AF67D31C3AA45C007B5C6A /* Debug */,
				C5AF67D41C3AA45C007B5C6A /* Release */,
			);
			defaultConfigurationIsVisible = 0;
			defaultConfigurationName = Release;
		};
		C5AF67D51C3AA45C007B5C6A /* Build configuration list for PBXNativeTarget "FEDevice" */ = {
			isa = XCConfigurationList;
			buildConfigurations = (
				C5AF67D61C3AA45C007B5C6A /* Debug */,
				C5AF67D71C3AA45C007B5C6A /* Release */,
			);
			defaultConfigurationIsVisible = 0;
		};
		C5AF67D81C3AA45C007B5C6A /* Build configuration list for PBXNativeTarget "FEDeviceTests" */ = {
			isa = XCConfigurationList;
			buildConfigurations = (
				C5AF67D91C3AA45C007B5C6A /* Debug */,
				C5AF67DA1C3AA45C007B5C6A /* Release */,
			);
			defaultConfigurationIsVisible = 0;
		};
		C5AF67DB1C3AA45C007B5C6A /* Build configuration list for PBXNativeTarget "FEDeviceUITests" */ = {
			isa = XCConfigurationList;
			buildConfigurations = (
				C5AF67DC1C3AA45C007B5C6A /* Debug */,
				C5AF67DD1C3AA45C007B5C6A /* Release */,
			);
			defaultConfigurationIsVisible = 0;
		};
/* End XCConfigurationList section */
	};
	rootObject = C5AF67A01C3AA45B007B5C6A /* Project object */;
}
